
Microsoft Visual Studio Solution File, Format Version 12.00
# Visual Studio 15
VisualStudioVersion = 15.0.27130.2010
MinimumVisualStudioVersion = 10.0.40219.1
Project("{9A19103F-16F7-4668-BE54-9A1E7A4F7556}") = "Console", "Console\Console.csproj", "{E14CDF75-A86B-4ACA-B657-A4A1AFF64C10}"
EndProject
Project("{9A19103F-16F7-4668-BE54-9A1E7A4F7556}") = "Utils", "Utils\Utils.csproj", "{EBD8F954-AAFD-436C-9BE9-F89B5BD328B6}"
EndProject
Project("{9A19103F-16F7-4668-BE54-9A1E7A4F7556}") = "Day1", "Day01\Day1.csproj", "{20DDDA7C-6408-4C09-A387-8541606453BE}"
EndProject
Project("{9A19103F-16F7-4668-BE54-9A1E7A4F7556}") = "Day2", "Day02\Day2.csproj", "{A4E2D935-3C9D-4B56-A7AD-A83498D16B40}"
EndProject
Global
	GlobalSection(SolutionConfigurationPlatforms) = preSolution
		Debug|Any CPU = Debug|Any CPU
		Release|Any CPU = Release|Any CPU
	EndGlobalSection
	GlobalSection(ProjectConfigurationPlatforms) = postSolution
		{E14CDF75-A86B-4ACA-B657-A4A1AFF64C10}.Day1|Any CPU.ActiveCfg = Debug|Any CPU
		{E14CDF75-A86B-4ACA-B657-A4A1AFF64C10}.Day1|Any CPU.Build.0 = Debug|Any CPU
		{E14CDF75-A86B-4ACA-B657-A4A1AFF64C10}.Debug|Any CPU.ActiveCfg = Debug|Any CPU
		{E14CDF75-A86B-4ACA-B657-A4A1AFF64C10}.Debug|Any CPU.Build.0 = Debug|Any CPU
		{E14CDF75-A86B-4ACA-B657-A4A1AFF64C10}.Release|Any CPU.ActiveCfg = Release|Any CPU
		{E14CDF75-A86B-4ACA-B657-A4A1AFF64C10}.Release|Any CPU.Build.0 = Release|Any CPU
		{EBD8F954-AAFD-436C-9BE9-F89B5BD328B6}.Day1|Any CPU.ActiveCfg = Debug|Any CPU
		{EBD8F954-AAFD-436C-9BE9-F89B5BD328B6}.Day1|Any CPU.Build.0 = Debug|Any CPU
		{EBD8F954-AAFD-436C-9BE9-F89B5BD328B6}.Debug|Any CPU.ActiveCfg = Debug|Any CPU
		{EBD8F954-AAFD-436C-9BE9-F89B5BD328B6}.Debug|Any CPU.Build.0 = Debug|Any CPU
		{EBD8F954-AAFD-436C-9BE9-F89B5BD328B6}.Release|Any CPU.ActiveCfg = Release|Any CPU
		{EBD8F954-AAFD-436C-9BE9-F89B5BD328B6}.Release|Any CPU.Build.0 = Release|Any CPU
		{20DDDA7C-6408-4C09-A387-8541606453BE}.Day1|Any CPU.ActiveCfg = Debug|Any CPU
		{20DDDA7C-6408-4C09-A387-8541606453BE}.Day1|Any CPU.Build.0 = Debug|Any CPU
		{20DDDA7C-6408-4C09-A387-8541606453BE}.Debug|Any CPU.ActiveCfg = Debug|Any CPU
		{20DDDA7C-6408-4C09-A387-8541606453BE}.Debug|Any CPU.Build.0 = Debug|Any CPU
		{20DDDA7C-6408-4C09-A387-8541606453BE}.Release|Any CPU.ActiveCfg = Release|Any CPU
		{20DDDA7C-6408-4C09-A387-8541606453BE}.Release|Any CPU.Build.0 = Release|Any CPU
		{A4E2D935-3C9D-4B56-A7AD-A83498D16B40}.Day1|Any CPU.ActiveCfg = Debug|Any CPU
		{A4E2D935-3C9D-4B56-A7AD-A83498D16B40}.Day1|Any CPU.Build.0 = Debug|Any CPU
		{A4E2D935-3C9D-4B56-A7AD-A83498D16B40}.Debug|Any CPU.ActiveCfg = Debug|Any CPU
		{A4E2D935-3C9D-4B56-A7AD-A83498D16B40}.Debug|Any CPU.Build.0 = Debug|Any CPU
		{A4E2D935-3C9D-4B56-A7AD-A83498D16B40}.Release|Any CPU.ActiveCfg = Release|Any CPU
		{A4E2D935-3C9D-4B56-A7AD-A83498D16B40}.Release|Any CPU.Build.0 = Release|Any CPU
	EndGlobalSection
	GlobalSection(SolutionProperties) = preSolution
		HideSolutionNode = FALSE
	EndGlobalSection
	GlobalSection(ExtensibilityGlobals) = postSolution
		SolutionGuid = {BB068BBF-F974-4FA2-8750-7BE92892ED3B}
	EndGlobalSection
EndGlobal
